
Microsoft Visual Studio Solution File, Format Version 12.00
# Visual Studio Version 16
VisualStudioVersion = 16.0.29709.97
MinimumVisualStudioVersion = 10.0.40219.1
Project("{8BC9CEB8-8B4A-11D0-8D11-00A0C91BC942}") = "Estructura de Datos II", "Estructura de Datos II\Estructura de Datos II.vcxproj", "{C1C176AA-33C8-4269-93B3-89A386651555}"
EndProject
Project("{8BC9CEB8-8B4A-11D0-8D11-00A0C91BC942}") = "Lectura de archivos", "Lectura de archivos\Lectura de archivos.vcxproj", "{FDE47452-5B28-4617-8878-971EDD96EB1E}"
EndProject
Project("{8BC9CEB8-8B4A-11D0-8D11-00A0C91BC942}") = "BMP_Test", "BMP_Test\BMP_Test.vcxproj", "{6D5EA1A4-1186-4902-8BDA-9E9D81A891B3}"
EndProject
Project("{8BC9CEB8-8B4A-11D0-8D11-00A0C91BC942}") = "BMP_Struct", "BMP Viewer\BMP Viewer.vcxproj", "{92E6A04E-26F6-4700-9B27-6C8ABB152024}"
EndProject
Project("{8BC9CEB8-8B4A-11D0-8D11-00A0C91BC942}") = "BMP_Classes", "BMP_Classes\BMP_Classes.vcxproj", "{D43F256B-07E0-4477-9F5F-0F1247D57052}"
EndProject
Project("{8BC9CEB8-8B4A-11D0-8D11-00A0C91BC942}") = "PE", "PE\PE.vcxproj", "{6B534EC4-A2CD-4B0F-96CD-FD25EC51A2F4}"
EndProject
Project("{8BC9CEB8-8B4A-11D0-8D11-00A0C91BC942}") = "Norbit", "Norbit\Norbit.vcxproj", "{0B27E3C1-B59A-49E4-BB86-DA7263B1448B}"
EndProject
Project("{8BC9CEB8-8B4A-11D0-8D11-00A0C91BC942}") = "Registros Fijos", "Registros Fijos\Registros Fijos.vcxproj", "{663D060F-04D4-4A92-BD48-15F4BF462501}"
EndProject
Project("{8BC9CEB8-8B4A-11D0-8D11-00A0C91BC942}") = "Registros Fijos CRLF", "Registros Fijos CRLF\Registros Fijos CRLF.vcxproj", "{4AD71D19-2D39-48BE-A4E6-7EA910FE6035}"
EndProject
Project("{8BC9CEB8-8B4A-11D0-8D11-00A0C91BC942}") = "Prueba1 - ED2", "Prueba1 - ED2\Prueba1 - ED2.vcxproj", "{7273F9A6-A10E-4113-9123-03C8F0F8F3D7}"
EndProject
Project("{8BC9CEB8-8B4A-11D0-8D11-00A0C91BC942}") = "Ejempo Examen", "Ejempo Examen\Ejempo Examen.vcxproj", "{7DE793AE-065E-4E0A-849D-13E4E98AD9E3}"
EndProject
Project("{8BC9CEB8-8B4A-11D0-8D11-00A0C91BC942}") = "21651030_EJERCICIO_1", "21651030_EJERCICIO_1\21651030_EJERCICIO_1.vcxproj", "{609BAC00-E837-4ADE-A75B-60B0E9EBC3EA}"
EndProject
Project("{8BC9CEB8-8B4A-11D0-8D11-00A0C91BC942}") = "21651030_EJERCICIO_2", "21651030_EJERCICIO_2\21651030_EJERCICIO_2.vcxproj", "{108A5840-6BC2-4509-A20A-C9964C30C0FB}"
EndProject
Global
	GlobalSection(SolutionConfigurationPlatforms) = preSolution
		Debug|x64 = Debug|x64
		Debug|x86 = Debug|x86
		Release|x64 = Release|x64
		Release|x86 = Release|x86
	EndGlobalSection
	GlobalSection(ProjectConfigurationPlatforms) = postSolution
		{C1C176AA-33C8-4269-93B3-89A386651555}.Debug|x64.ActiveCfg = Debug|x64
		{C1C176AA-33C8-4269-93B3-89A386651555}.Debug|x64.Build.0 = Debug|x64
		{C1C176AA-33C8-4269-93B3-89A386651555}.Debug|x86.ActiveCfg = Debug|Win32
		{C1C176AA-33C8-4269-93B3-89A386651555}.Debug|x86.Build.0 = Debug|Win32
		{C1C176AA-33C8-4269-93B3-89A386651555}.Release|x64.ActiveCfg = Release|x64
		{C1C176AA-33C8-4269-93B3-89A386651555}.Release|x64.Build.0 = Release|x64
		{C1C176AA-33C8-4269-93B3-89A386651555}.Release|x86.ActiveCfg = Release|Win32
		{C1C176AA-33C8-4269-93B3-89A386651555}.Release|x86.Build.0 = Release|Win32
		{FDE47452-5B28-4617-8878-971EDD96EB1E}.Debug|x64.ActiveCfg = Debug|x64
		{FDE47452-5B28-4617-8878-971EDD96EB1E}.Debug|x64.Build.0 = Debug|x64
		{FDE47452-5B28-4617-8878-971EDD96EB1E}.Debug|x86.ActiveCfg = Debug|Win32
		{FDE47452-5B28-4617-8878-971EDD96EB1E}.Debug|x86.Build.0 = Debug|Win32
		{FDE47452-5B28-4617-8878-971EDD96EB1E}.Release|x64.ActiveCfg = Release|x64
		{FDE47452-5B28-4617-8878-971EDD96EB1E}.Release|x64.Build.0 = Release|x64
		{FDE47452-5B28-4617-8878-971EDD96EB1E}.Release|x86.ActiveCfg = Release|Win32
		{FDE47452-5B28-4617-8878-971EDD96EB1E}.Release|x86.Build.0 = Release|Win32
		{6D5EA1A4-1186-4902-8BDA-9E9D81A891B3}.Debug|x64.ActiveCfg = Debug|x64
		{6D5EA1A4-1186-4902-8BDA-9E9D81A891B3}.Debug|x64.Build.0 = Debug|x64
		{6D5EA1A4-1186-4902-8BDA-9E9D81A891B3}.Debug|x86.ActiveCfg = Debug|Win32
		{6D5EA1A4-1186-4902-8BDA-9E9D81A891B3}.Debug|x86.Build.0 = Debug|Win32
		{6D5EA1A4-1186-4902-8BDA-9E9D81A891B3}.Release|x64.ActiveCfg = Release|x64
		{6D5EA1A4-1186-4902-8BDA-9E9D81A891B3}.Release|x64.Build.0 = Release|x64
		{6D5EA1A4-1186-4902-8BDA-9E9D81A891B3}.Release|x86.ActiveCfg = Release|Win32
		{6D5EA1A4-1186-4902-8BDA-9E9D81A891B3}.Release|x86.Build.0 = Release|Win32
		{92E6A04E-26F6-4700-9B27-6C8ABB152024}.Debug|x64.ActiveCfg = Debug|x64
		{92E6A04E-26F6-4700-9B27-6C8ABB152024}.Debug|x64.Build.0 = Debug|x64
		{92E6A04E-26F6-4700-9B27-6C8ABB152024}.Debug|x86.ActiveCfg = Debug|Win32
		{92E6A04E-26F6-4700-9B27-6C8ABB152024}.Debug|x86.Build.0 = Debug|Win32
		{92E6A04E-26F6-4700-9B27-6C8ABB152024}.Release|x64.ActiveCfg = Release|x64
		{92E6A04E-26F6-4700-9B27-6C8ABB152024}.Release|x64.Build.0 = Release|x64
		{92E6A04E-26F6-4700-9B27-6C8ABB152024}.Release|x86.ActiveCfg = Release|Win32
		{92E6A04E-26F6-4700-9B27-6C8ABB152024}.Release|x86.Build.0 = Release|Win32
		{D43F256B-07E0-4477-9F5F-0F1247D57052}.Debug|x64.ActiveCfg = Debug|x64
		{D43F256B-07E0-4477-9F5F-0F1247D57052}.Debug|x64.Build.0 = Debug|x64
		{D43F256B-07E0-4477-9F5F-0F1247D57052}.Debug|x86.ActiveCfg = Debug|Win32
		{D43F256B-07E0-4477-9F5F-0F1247D57052}.Debug|x86.Build.0 = Debug|Win32
		{D43F256B-07E0-4477-9F5F-0F1247D57052}.Release|x64.ActiveCfg = Release|x64
		{D43F256B-07E0-4477-9F5F-0F1247D57052}.Release|x64.Build.0 = Release|x64
		{D43F256B-07E0-4477-9F5F-0F1247D57052}.Release|x86.ActiveCfg = Release|Win32
		{D43F256B-07E0-4477-9F5F-0F1247D57052}.Release|x86.Build.0 = Release|Win32
		{6B534EC4-A2CD-4B0F-96CD-FD25EC51A2F4}.Debug|x64.ActiveCfg = Debug|x64
		{6B534EC4-A2CD-4B0F-96CD-FD25EC51A2F4}.Debug|x64.Build.0 = Debug|x64
		{6B534EC4-A2CD-4B0F-96CD-FD25EC51A2F4}.Debug|x86.ActiveCfg = Debug|Win32
		{6B534EC4-A2CD-4B0F-96CD-FD25EC51A2F4}.Debug|x86.Build.0 = Debug|Win32
		{6B534EC4-A2CD-4B0F-96CD-FD25EC51A2F4}.Release|x64.ActiveCfg = Release|x64
		{6B534EC4-A2CD-4B0F-96CD-FD25EC51A2F4}.Release|x64.Build.0 = Release|x64
		{6B534EC4-A2CD-4B0F-96CD-FD25EC51A2F4}.Release|x86.ActiveCfg = Release|Win32
		{6B534EC4-A2CD-4B0F-96CD-FD25EC51A2F4}.Release|x86.Build.0 = Release|Win32
		{0B27E3C1-B59A-49E4-BB86-DA7263B1448B}.Debug|x64.ActiveCfg = Debug|x64
		{0B27E3C1-B59A-49E4-BB86-DA7263B1448B}.Debug|x64.Build.0 = Debug|x64
		{0B27E3C1-B59A-49E4-BB86-DA7263B1448B}.Debug|x86.ActiveCfg = Debug|Win32
		{0B27E3C1-B59A-49E4-BB86-DA7263B1448B}.Debug|x86.Build.0 = Debug|Win32
		{0B27E3C1-B59A-49E4-BB86-DA7263B1448B}.Release|x64.ActiveCfg = Release|x64
		{0B27E3C1-B59A-49E4-BB86-DA7263B1448B}.Release|x64.Build.0 = Release|x64
		{0B27E3C1-B59A-49E4-BB86-DA7263B1448B}.Release|x86.ActiveCfg = Release|Win32
		{0B27E3C1-B59A-49E4-BB86-DA7263B1448B}.Release|x86.Build.0 = Release|Win32
		{663D060F-04D4-4A92-BD48-15F4BF462501}.Debug|x64.ActiveCfg = Debug|x64
		{663D060F-04D4-4A92-BD48-15F4BF462501}.Debug|x64.Build.0 = Debug|x64
		{663D060F-04D4-4A92-BD48-15F4BF462501}.Debug|x86.ActiveCfg = Debug|Win32
		{663D060F-04D4-4A92-BD48-15F4BF462501}.Debug|x86.Build.0 = Debug|Win32
		{663D060F-04D4-4A92-BD48-15F4BF462501}.Release|x64.ActiveCfg = Release|x64
		{663D060F-04D4-4A92-BD48-15F4BF462501}.Release|x64.Build.0 = Release|x64
		{663D060F-04D4-4A92-BD48-15F4BF462501}.Release|x86.ActiveCfg = Release|Win32
		{663D060F-04D4-4A92-BD48-15F4BF462501}.Release|x86.Build.0 = Release|Win32
		{4AD71D19-2D39-48BE-A4E6-7EA910FE6035}.Debug|x64.ActiveCfg = Debug|x64
		{4AD71D19-2D39-48BE-A4E6-7EA910FE6035}.Debug|x64.Build.0 = Debug|x64
		{4AD71D19-2D39-48BE-A4E6-7EA910FE6035}.Debug|x86.ActiveCfg = Debug|Win32
		{4AD71D19-2D39-48BE-A4E6-7EA910FE6035}.Debug|x86.Build.0 = Debug|Win32
		{4AD71D19-2D39-48BE-A4E6-7EA910FE6035}.Release|x64.ActiveCfg = Release|x64
		{4AD71D19-2D39-48BE-A4E6-7EA910FE6035}.Release|x64.Build.0 = Release|x64
		{4AD71D19-2D39-48BE-A4E6-7EA910FE6035}.Release|x86.ActiveCfg = Release|Win32
		{4AD71D19-2D39-48BE-A4E6-7EA910FE6035}.Release|x86.Build.0 = Release|Win32
		{7273F9A6-A10E-4113-9123-03C8F0F8F3D7}.Debug|x64.ActiveCfg = Debug|x64
		{7273F9A6-A10E-4113-9123-03C8F0F8F3D7}.Debug|x64.Build.0 = Debug|x64
		{7273F9A6-A10E-4113-9123-03C8F0F8F3D7}.Debug|x86.ActiveCfg = Debug|Win32
		{7273F9A6-A10E-4113-9123-03C8F0F8F3D7}.Debug|x86.Build.0 = Debug|Win32
		{7273F9A6-A10E-4113-9123-03C8F0F8F3D7}.Release|x64.ActiveCfg = Release|x64
		{7273F9A6-A10E-4113-9123-03C8F0F8F3D7}.Release|x64.Build.0 = Release|x64
		{7273F9A6-A10E-4113-9123-03C8F0F8F3D7}.Release|x86.ActiveCfg = Release|Win32
		{7273F9A6-A10E-4113-9123-03C8F0F8F3D7}.Release|x86.Build.0 = Release|Win32
		{7DE793AE-065E-4E0A-849D-13E4E98AD9E3}.Debug|x64.ActiveCfg = Debug|x64
		{7DE793AE-065E-4E0A-849D-13E4E98AD9E3}.Debug|x64.Build.0 = Debug|x64
		{7DE793AE-065E-4E0A-849D-13E4E98AD9E3}.Debug|x86.ActiveCfg = Debug|Win32
		{7DE793AE-065E-4E0A-849D-13E4E98AD9E3}.Debug|x86.Build.0 = Debug|Win32
		{7DE793AE-065E-4E0A-849D-13E4E98AD9E3}.Release|x64.ActiveCfg = Release|x64
		{7DE793AE-065E-4E0A-849D-13E4E98AD9E3}.Release|x64.Build.0 = Release|x64
		{7DE793AE-065E-4E0A-849D-13E4E98AD9E3}.Release|x86.ActiveCfg = Release|Win32
		{7DE793AE-065E-4E0A-849D-13E4E98AD9E3}.Release|x86.Build.0 = Release|Win32
		{609BAC00-E837-4ADE-A75B-60B0E9EBC3EA}.Debug|x64.ActiveCfg = Debug|x64
		{609BAC00-E837-4ADE-A75B-60B0E9EBC3EA}.Debug|x64.Build.0 = Debug|x64
		{609BAC00-E837-4ADE-A75B-60B0E9EBC3EA}.Debug|x86.ActiveCfg = Debug|Win32
		{609BAC00-E837-4ADE-A75B-60B0E9EBC3EA}.Debug|x86.Build.0 = Debug|Win32
		{609BAC00-E837-4ADE-A75B-60B0E9EBC3EA}.Release|x64.ActiveCfg = Release|x64
		{609BAC00-E837-4ADE-A75B-60B0E9EBC3EA}.Release|x64.Build.0 = Release|x64
		{609BAC00-E837-4ADE-A75B-60B0E9EBC3EA}.Release|x86.ActiveCfg = Release|Win32
		{609BAC00-E837-4ADE-A75B-60B0E9EBC3EA}.Release|x86.Build.0 = Release|Win32
		{108A5840-6BC2-4509-A20A-C9964C30C0FB}.Debug|x64.ActiveCfg = Debug|x64
		{108A5840-6BC2-4509-A20A-C9964C30C0FB}.Debug|x64.Build.0 = Debug|x64
		{108A5840-6BC2-4509-A20A-C9964C30C0FB}.Debug|x86.ActiveCfg = Debug|Win32
		{108A5840-6BC2-4509-A20A-C9964C30C0FB}.Debug|x86.Build.0 = Debug|Win32
		{108A5840-6BC2-4509-A20A-C9964C30C0FB}.Release|x64.ActiveCfg = Release|x64
		{108A5840-6BC2-4509-A20A-C9964C30C0FB}.Release|x64.Build.0 = Release|x64
		{108A5840-6BC2-4509-A20A-C9964C30C0FB}.Release|x86.ActiveCfg = Release|Win32
		{108A5840-6BC2-4509-A20A-C9964C30C0FB}.Release|x86.Build.0 = Release|Win32
	EndGlobalSection
	GlobalSection(SolutionProperties) = preSolution
		HideSolutionNode = FALSE
	EndGlobalSection
	GlobalSection(ExtensibilityGlobals) = postSolution
		SolutionGuid = {A96AB216-FB4F-4891-A240-08387EE5C172}
	EndGlobalSection
EndGlobal
